
Microsoft Visual Studio Solution File, Format Version 12.00
# Visual Studio Version 17
VisualStudioVersion = 17.5.002.0
MinimumVisualStudioVersion = 10.0.40219.1
Project("{9A19103F-16F7-4668-BE54-9A1E7A4F7556}") = "HikingApp.MacCatalyst", "HikingApp.MacCatalyst.csproj", "{DB210484-7F5B-4F5A-8975-1181D461B195}"
EndProject
Global
	GlobalSection(SolutionConfigurationPlatforms) = preSolution
		Debug|Any CPU = Debug|Any CPU
		Release|Any CPU = Release|Any CPU
	EndGlobalSection
	GlobalSection(ProjectConfigurationPlatforms) = postSolution
		{DB210484-7F5B-4F5A-8975-1181D461B195}.Debug|Any CPU.ActiveCfg = Debug|Any CPU
		{DB210484-7F5B-4F5A-8975-1181D461B195}.Debug|Any CPU.Build.0 = Debug|Any CPU
		{DB210484-7F5B-4F5A-8975-1181D461B195}.Release|Any CPU.ActiveCfg = Release|Any CPU
		{DB210484-7F5B-4F5A-8975-1181D461B195}.Release|Any CPU.Build.0 = Release|Any CPU
	EndGlobalSection
	GlobalSection(SolutionProperties) = preSolution
		HideSolutionNode = FALSE
	EndGlobalSection
	GlobalSection(ExtensibilityGlobals) = postSolution
		SolutionGuid = {6CE5F0A9-4805-4AA8-9779-6470A8C2C259}
	EndGlobalSection
EndGlobal
