
Microsoft Visual Studio Solution File, Format Version 12.00
# Visual Studio Version 17
VisualStudioVersion = 17.5.002.0
MinimumVisualStudioVersion = 10.0.40219.1
Project("{9A19103F-16F7-4668-BE54-9A1E7A4F7556}") = "HikingApp.MacCatalyst", "HikingApp.MacCatalyst.csproj", "{412BB63E-2459-42BB-8425-C38375220E76}"
EndProject
Global
	GlobalSection(SolutionConfigurationPlatforms) = preSolution
		Debug|Any CPU = Debug|Any CPU
		Release|Any CPU = Release|Any CPU
	EndGlobalSection
	GlobalSection(ProjectConfigurationPlatforms) = postSolution
		{412BB63E-2459-42BB-8425-C38375220E76}.Debug|Any CPU.ActiveCfg = Debug|Any CPU
		{412BB63E-2459-42BB-8425-C38375220E76}.Debug|Any CPU.Build.0 = Debug|Any CPU
		{412BB63E-2459-42BB-8425-C38375220E76}.Release|Any CPU.ActiveCfg = Release|Any CPU
		{412BB63E-2459-42BB-8425-C38375220E76}.Release|Any CPU.Build.0 = Release|Any CPU
	EndGlobalSection
	GlobalSection(SolutionProperties) = preSolution
		HideSolutionNode = FALSE
	EndGlobalSection
	GlobalSection(ExtensibilityGlobals) = postSolution
		SolutionGuid = {89528F4F-1EEE-46D6-B93D-51ED962B352F}
	EndGlobalSection
EndGlobal
