
Microsoft Visual Studio Solution File, Format Version 12.00
# Visual Studio 15
VisualStudioVersion = 15.0.26124.0
MinimumVisualStudioVersion = 15.0.26124.0
Project("{FAE04EC0-301F-11D3-BF4B-00C04F79EFBC}") = "Swift.Bindings", "src\Swift.Bindings\src\Swift.Bindings.csproj", "{B7977360-6671-4707-9A1C-1C29D5BE2674}"
EndProject
Project("{FAE04EC0-301F-11D3-BF4B-00C04F79EFBC}") = "Swift.Bindings.Unit.Tests", "src\Swift.Bindings\tests\UnitTests\Swift.Bindings.Unit.Tests.csproj", "{CE81B6BD-CCCC-4223-9069-B28435A4A5C1}"
EndProject
Project("{FAE04EC0-301F-11D3-BF4B-00C04F79EFBC}") = "Swift.Runtime", "src\Swift.Runtime\src\Swift.Runtime.csproj", "{8E9013BE-01BD-4F4C-8BF7-E8C71FA6608E}"
EndProject
Project("{FAE04EC0-301F-11D3-BF4B-00C04F79EFBC}") = "Swift.Runtime.Tests", "src\Swift.Runtime\tests\Swift.Runtime.Tests.csproj", "{61F74BC6-1CCA-49FA-B5B8-6C9EABC1D0AB}"
EndProject
Project("{FAE04EC0-301F-11D3-BF4B-00C04F79EFBC}") = "Swift.Bindings.Integration.Tests", "src\Swift.Bindings\tests\IntegrationTests\Swift.Bindings.Integration.Tests.csproj", "{CF9035B8-57F0-49A2-B985-94B1F6389339}"
EndProject
Project("{2150E333-8FDC-42A3-9474-1A3956D46DE8}") = "src", "src", "{E20064C3-DB10-4C70-A97A-6E49C1F90A54}"
EndProject
Project("{2150E333-8FDC-42A3-9474-1A3956D46DE8}") = "Dynamo", "Dynamo", "{5C795F44-0891-467B-9A35-7152247547FB}"
EndProject
Project("{FAE04EC0-301F-11D3-BF4B-00C04F79EFBC}") = "Dynamo", "src\Dynamo\src\Dynamo.csproj", "{31CDCAEA-2A55-4730-8DEB-935CB9CE0B3F}"
EndProject
Project("{FAE04EC0-301F-11D3-BF4B-00C04F79EFBC}") = "Dynamo.Unit.Tests", "src\Dynamo\tests\Dynamo.Unit.Tests.csproj", "{32EDCEBC-5F47-4FC7-82C4-79DCED259048}"
EndProject
Global
	GlobalSection(SolutionConfigurationPlatforms) = preSolution
		Debug|Any CPU = Debug|Any CPU
		Debug|x64 = Debug|x64
		Debug|x86 = Debug|x86
		Release|Any CPU = Release|Any CPU
		Release|x64 = Release|x64
		Release|x86 = Release|x86
	EndGlobalSection
	GlobalSection(SolutionProperties) = preSolution
		HideSolutionNode = FALSE
	EndGlobalSection
	GlobalSection(ProjectConfigurationPlatforms) = postSolution
		{B7977360-6671-4707-9A1C-1C29D5BE2674}.Debug|Any CPU.ActiveCfg = Debug|Any CPU
		{B7977360-6671-4707-9A1C-1C29D5BE2674}.Debug|Any CPU.Build.0 = Debug|Any CPU
		{B7977360-6671-4707-9A1C-1C29D5BE2674}.Debug|x64.ActiveCfg = Debug|Any CPU
		{B7977360-6671-4707-9A1C-1C29D5BE2674}.Debug|x64.Build.0 = Debug|Any CPU
		{B7977360-6671-4707-9A1C-1C29D5BE2674}.Debug|x86.ActiveCfg = Debug|Any CPU
		{B7977360-6671-4707-9A1C-1C29D5BE2674}.Debug|x86.Build.0 = Debug|Any CPU
		{B7977360-6671-4707-9A1C-1C29D5BE2674}.Release|Any CPU.ActiveCfg = Release|Any CPU
		{B7977360-6671-4707-9A1C-1C29D5BE2674}.Release|Any CPU.Build.0 = Release|Any CPU
		{B7977360-6671-4707-9A1C-1C29D5BE2674}.Release|x64.ActiveCfg = Release|Any CPU
		{B7977360-6671-4707-9A1C-1C29D5BE2674}.Release|x64.Build.0 = Release|Any CPU
		{B7977360-6671-4707-9A1C-1C29D5BE2674}.Release|x86.ActiveCfg = Release|Any CPU
		{B7977360-6671-4707-9A1C-1C29D5BE2674}.Release|x86.Build.0 = Release|Any CPU
		{CE81B6BD-CCCC-4223-9069-B28435A4A5C1}.Debug|Any CPU.ActiveCfg = Debug|Any CPU
		{CE81B6BD-CCCC-4223-9069-B28435A4A5C1}.Debug|Any CPU.Build.0 = Debug|Any CPU
		{CE81B6BD-CCCC-4223-9069-B28435A4A5C1}.Debug|x64.ActiveCfg = Debug|Any CPU
		{CE81B6BD-CCCC-4223-9069-B28435A4A5C1}.Debug|x64.Build.0 = Debug|Any CPU
		{CE81B6BD-CCCC-4223-9069-B28435A4A5C1}.Debug|x86.ActiveCfg = Debug|Any CPU
		{CE81B6BD-CCCC-4223-9069-B28435A4A5C1}.Debug|x86.Build.0 = Debug|Any CPU
		{CE81B6BD-CCCC-4223-9069-B28435A4A5C1}.Release|Any CPU.ActiveCfg = Release|Any CPU
		{CE81B6BD-CCCC-4223-9069-B28435A4A5C1}.Release|Any CPU.Build.0 = Release|Any CPU
		{CE81B6BD-CCCC-4223-9069-B28435A4A5C1}.Release|x64.ActiveCfg = Release|Any CPU
		{CE81B6BD-CCCC-4223-9069-B28435A4A5C1}.Release|x64.Build.0 = Release|Any CPU
		{CE81B6BD-CCCC-4223-9069-B28435A4A5C1}.Release|x86.ActiveCfg = Release|Any CPU
		{CE81B6BD-CCCC-4223-9069-B28435A4A5C1}.Release|x86.Build.0 = Release|Any CPU
		{8E9013BE-01BD-4F4C-8BF7-E8C71FA6608E}.Debug|Any CPU.ActiveCfg = Debug|Any CPU
		{8E9013BE-01BD-4F4C-8BF7-E8C71FA6608E}.Debug|Any CPU.Build.0 = Debug|Any CPU
		{8E9013BE-01BD-4F4C-8BF7-E8C71FA6608E}.Debug|x64.ActiveCfg = Debug|Any CPU
		{8E9013BE-01BD-4F4C-8BF7-E8C71FA6608E}.Debug|x64.Build.0 = Debug|Any CPU
		{8E9013BE-01BD-4F4C-8BF7-E8C71FA6608E}.Debug|x86.ActiveCfg = Debug|Any CPU
		{8E9013BE-01BD-4F4C-8BF7-E8C71FA6608E}.Debug|x86.Build.0 = Debug|Any CPU
		{8E9013BE-01BD-4F4C-8BF7-E8C71FA6608E}.Release|Any CPU.ActiveCfg = Release|Any CPU
		{8E9013BE-01BD-4F4C-8BF7-E8C71FA6608E}.Release|Any CPU.Build.0 = Release|Any CPU
		{8E9013BE-01BD-4F4C-8BF7-E8C71FA6608E}.Release|x64.ActiveCfg = Release|Any CPU
		{8E9013BE-01BD-4F4C-8BF7-E8C71FA6608E}.Release|x64.Build.0 = Release|Any CPU
		{8E9013BE-01BD-4F4C-8BF7-E8C71FA6608E}.Release|x86.ActiveCfg = Release|Any CPU
		{8E9013BE-01BD-4F4C-8BF7-E8C71FA6608E}.Release|x86.Build.0 = Release|Any CPU
		{61F74BC6-1CCA-49FA-B5B8-6C9EABC1D0AB}.Debug|Any CPU.ActiveCfg = Debug|Any CPU
		{61F74BC6-1CCA-49FA-B5B8-6C9EABC1D0AB}.Debug|Any CPU.Build.0 = Debug|Any CPU
		{61F74BC6-1CCA-49FA-B5B8-6C9EABC1D0AB}.Debug|x64.ActiveCfg = Debug|Any CPU
		{61F74BC6-1CCA-49FA-B5B8-6C9EABC1D0AB}.Debug|x64.Build.0 = Debug|Any CPU
		{61F74BC6-1CCA-49FA-B5B8-6C9EABC1D0AB}.Debug|x86.ActiveCfg = Debug|Any CPU
		{61F74BC6-1CCA-49FA-B5B8-6C9EABC1D0AB}.Debug|x86.Build.0 = Debug|Any CPU
		{61F74BC6-1CCA-49FA-B5B8-6C9EABC1D0AB}.Release|Any CPU.ActiveCfg = Release|Any CPU
		{61F74BC6-1CCA-49FA-B5B8-6C9EABC1D0AB}.Release|Any CPU.Build.0 = Release|Any CPU
		{61F74BC6-1CCA-49FA-B5B8-6C9EABC1D0AB}.Release|x64.ActiveCfg = Release|Any CPU
		{61F74BC6-1CCA-49FA-B5B8-6C9EABC1D0AB}.Release|x64.Build.0 = Release|Any CPU
		{61F74BC6-1CCA-49FA-B5B8-6C9EABC1D0AB}.Release|x86.ActiveCfg = Release|Any CPU
		{61F74BC6-1CCA-49FA-B5B8-6C9EABC1D0AB}.Release|x86.Build.0 = Release|Any CPU
		{CF9035B8-57F0-49A2-B985-94B1F6389339}.Debug|Any CPU.ActiveCfg = Debug|Any CPU
		{CF9035B8-57F0-49A2-B985-94B1F6389339}.Debug|Any CPU.Build.0 = Debug|Any CPU
		{CF9035B8-57F0-49A2-B985-94B1F6389339}.Debug|x64.ActiveCfg = Debug|Any CPU
		{CF9035B8-57F0-49A2-B985-94B1F6389339}.Debug|x64.Build.0 = Debug|Any CPU
		{CF9035B8-57F0-49A2-B985-94B1F6389339}.Debug|x86.ActiveCfg = Debug|Any CPU
		{CF9035B8-57F0-49A2-B985-94B1F6389339}.Debug|x86.Build.0 = Debug|Any CPU
		{CF9035B8-57F0-49A2-B985-94B1F6389339}.Release|Any CPU.ActiveCfg = Release|Any CPU
		{CF9035B8-57F0-49A2-B985-94B1F6389339}.Release|Any CPU.Build.0 = Release|Any CPU
		{CF9035B8-57F0-49A2-B985-94B1F6389339}.Release|x64.ActiveCfg = Release|Any CPU
		{CF9035B8-57F0-49A2-B985-94B1F6389339}.Release|x64.Build.0 = Release|Any CPU
		{CF9035B8-57F0-49A2-B985-94B1F6389339}.Release|x86.ActiveCfg = Release|Any CPU
		{CF9035B8-57F0-49A2-B985-94B1F6389339}.Release|x86.Build.0 = Release|Any CPU
		{31CDCAEA-2A55-4730-8DEB-935CB9CE0B3F}.Debug|Any CPU.ActiveCfg = Debug|Any CPU
		{31CDCAEA-2A55-4730-8DEB-935CB9CE0B3F}.Debug|Any CPU.Build.0 = Debug|Any CPU
		{31CDCAEA-2A55-4730-8DEB-935CB9CE0B3F}.Debug|x64.ActiveCfg = Debug|Any CPU
		{31CDCAEA-2A55-4730-8DEB-935CB9CE0B3F}.Debug|x64.Build.0 = Debug|Any CPU
		{31CDCAEA-2A55-4730-8DEB-935CB9CE0B3F}.Debug|x86.ActiveCfg = Debug|Any CPU
		{31CDCAEA-2A55-4730-8DEB-935CB9CE0B3F}.Debug|x86.Build.0 = Debug|Any CPU
		{31CDCAEA-2A55-4730-8DEB-935CB9CE0B3F}.Release|Any CPU.ActiveCfg = Release|Any CPU
		{31CDCAEA-2A55-4730-8DEB-935CB9CE0B3F}.Release|Any CPU.Build.0 = Release|Any CPU
		{31CDCAEA-2A55-4730-8DEB-935CB9CE0B3F}.Release|x64.ActiveCfg = Release|Any CPU
		{31CDCAEA-2A55-4730-8DEB-935CB9CE0B3F}.Release|x64.Build.0 = Release|Any CPU
		{31CDCAEA-2A55-4730-8DEB-935CB9CE0B3F}.Release|x86.ActiveCfg = Release|Any CPU
		{31CDCAEA-2A55-4730-8DEB-935CB9CE0B3F}.Release|x86.Build.0 = Release|Any CPU
		{32EDCEBC-5F47-4FC7-82C4-79DCED259048}.Debug|Any CPU.ActiveCfg = Debug|Any CPU
		{32EDCEBC-5F47-4FC7-82C4-79DCED259048}.Debug|Any CPU.Build.0 = Debug|Any CPU
		{32EDCEBC-5F47-4FC7-82C4-79DCED259048}.Debug|x64.ActiveCfg = Debug|Any CPU
		{32EDCEBC-5F47-4FC7-82C4-79DCED259048}.Debug|x64.Build.0 = Debug|Any CPU
		{32EDCEBC-5F47-4FC7-82C4-79DCED259048}.Debug|x86.ActiveCfg = Debug|Any CPU
		{32EDCEBC-5F47-4FC7-82C4-79DCED259048}.Debug|x86.Build.0 = Debug|Any CPU
		{32EDCEBC-5F47-4FC7-82C4-79DCED259048}.Release|Any CPU.ActiveCfg = Release|Any CPU
		{32EDCEBC-5F47-4FC7-82C4-79DCED259048}.Release|Any CPU.Build.0 = Release|Any CPU
		{32EDCEBC-5F47-4FC7-82C4-79DCED259048}.Release|x64.ActiveCfg = Release|Any CPU
		{32EDCEBC-5F47-4FC7-82C4-79DCED259048}.Release|x64.Build.0 = Release|Any CPU
		{32EDCEBC-5F47-4FC7-82C4-79DCED259048}.Release|x86.ActiveCfg = Release|Any CPU
		{32EDCEBC-5F47-4FC7-82C4-79DCED259048}.Release|x86.Build.0 = Release|Any CPU
	EndGlobalSection
	GlobalSection(NestedProjects) = preSolution
		{5C795F44-0891-467B-9A35-7152247547FB} = {E20064C3-DB10-4C70-A97A-6E49C1F90A54}
		{31CDCAEA-2A55-4730-8DEB-935CB9CE0B3F} = {5C795F44-0891-467B-9A35-7152247547FB}
		{32EDCEBC-5F47-4FC7-82C4-79DCED259048} = {5C795F44-0891-467B-9A35-7152247547FB}
	EndGlobalSection
EndGlobal
