
Microsoft Visual Studio Solution File, Format Version 12.00
# Visual Studio 15
VisualStudioVersion = 15.0.26124.0
MinimumVisualStudioVersion = 15.0.26124.0
Project("{FAE04EC0-301F-11D3-BF4B-00C04F79EFBC}") = "SyntaxDynamo", "src\SyntaxDynamo\src\SyntaxDynamo.csproj", "{E05ECC4A-7212-4077-AD30-E4183CA3C1AF}"
EndProject
Project("{FAE04EC0-301F-11D3-BF4B-00C04F79EFBC}") = "SyntaxDynamo.Tests", "src\SyntaxDynamo\tests\SyntaxDynamo.Tests.csproj", "{0C13F0AC-76F1-4FCB-AF42-9CB910A9471B}"
EndProject
Global
	GlobalSection(SolutionConfigurationPlatforms) = preSolution
		Debug|Any CPU = Debug|Any CPU
		Debug|x64 = Debug|x64
		Debug|x86 = Debug|x86
		Release|Any CPU = Release|Any CPU
		Release|x64 = Release|x64
		Release|x86 = Release|x86
	EndGlobalSection
	GlobalSection(SolutionProperties) = preSolution
		HideSolutionNode = FALSE
	EndGlobalSection
	GlobalSection(ProjectConfigurationPlatforms) = postSolution
		{E05ECC4A-7212-4077-AD30-E4183CA3C1AF}.Debug|Any CPU.ActiveCfg = Debug|Any CPU
		{E05ECC4A-7212-4077-AD30-E4183CA3C1AF}.Debug|Any CPU.Build.0 = Debug|Any CPU
		{E05ECC4A-7212-4077-AD30-E4183CA3C1AF}.Debug|x64.ActiveCfg = Debug|Any CPU
		{E05ECC4A-7212-4077-AD30-E4183CA3C1AF}.Debug|x64.Build.0 = Debug|Any CPU
		{E05ECC4A-7212-4077-AD30-E4183CA3C1AF}.Debug|x86.ActiveCfg = Debug|Any CPU
		{E05ECC4A-7212-4077-AD30-E4183CA3C1AF}.Debug|x86.Build.0 = Debug|Any CPU
		{E05ECC4A-7212-4077-AD30-E4183CA3C1AF}.Release|Any CPU.ActiveCfg = Release|Any CPU
		{E05ECC4A-7212-4077-AD30-E4183CA3C1AF}.Release|Any CPU.Build.0 = Release|Any CPU
		{E05ECC4A-7212-4077-AD30-E4183CA3C1AF}.Release|x64.ActiveCfg = Release|Any CPU
		{E05ECC4A-7212-4077-AD30-E4183CA3C1AF}.Release|x64.Build.0 = Release|Any CPU
		{E05ECC4A-7212-4077-AD30-E4183CA3C1AF}.Release|x86.ActiveCfg = Release|Any CPU
		{E05ECC4A-7212-4077-AD30-E4183CA3C1AF}.Release|x86.Build.0 = Release|Any CPU
		{0C13F0AC-76F1-4FCB-AF42-9CB910A9471B}.Debug|Any CPU.ActiveCfg = Debug|Any CPU
		{0C13F0AC-76F1-4FCB-AF42-9CB910A9471B}.Debug|Any CPU.Build.0 = Debug|Any CPU
		{0C13F0AC-76F1-4FCB-AF42-9CB910A9471B}.Debug|x64.ActiveCfg = Debug|Any CPU
		{0C13F0AC-76F1-4FCB-AF42-9CB910A9471B}.Debug|x64.Build.0 = Debug|Any CPU
		{0C13F0AC-76F1-4FCB-AF42-9CB910A9471B}.Debug|x86.ActiveCfg = Debug|Any CPU
		{0C13F0AC-76F1-4FCB-AF42-9CB910A9471B}.Debug|x86.Build.0 = Debug|Any CPU
		{0C13F0AC-76F1-4FCB-AF42-9CB910A9471B}.Release|Any CPU.ActiveCfg = Release|Any CPU
		{0C13F0AC-76F1-4FCB-AF42-9CB910A9471B}.Release|Any CPU.Build.0 = Release|Any CPU
		{0C13F0AC-76F1-4FCB-AF42-9CB910A9471B}.Release|x64.ActiveCfg = Release|Any CPU
		{0C13F0AC-76F1-4FCB-AF42-9CB910A9471B}.Release|x64.Build.0 = Release|Any CPU
		{0C13F0AC-76F1-4FCB-AF42-9CB910A9471B}.Release|x86.ActiveCfg = Release|Any CPU
		{0C13F0AC-76F1-4FCB-AF42-9CB910A9471B}.Release|x86.Build.0 = Release|Any CPU
	EndGlobalSection
EndGlobal
