
Microsoft Visual Studio Solution File, Format Version 12.00
# Visual Studio Version 16
VisualStudioVersion = 16.0.30204.135
MinimumVisualStudioVersion = 10.0.40219.1
Project("{9A19103F-16F7-4668-BE54-9A1E7A4F7556}") = "DllImportGenerator", "DllImportGenerator\DllImportGenerator.csproj", "{0E14E01F-A582-4D22-8737-BF9DE5270435}"
EndProject
Project("{9A19103F-16F7-4668-BE54-9A1E7A4F7556}") = "DllImportGenerator.UnitTests", "DllImportGenerator.UnitTests\DllImportGenerator.UnitTests.csproj", "{B8CA13C4-F41B-4ABD-A9F3-63A02C53B96E}"
EndProject
Project("{9A19103F-16F7-4668-BE54-9A1E7A4F7556}") = "Demo", "Demo\Demo.csproj", "{E478EE77-E072-4A42-B453-EBFDA7728717}"
EndProject
Project("{9A19103F-16F7-4668-BE54-9A1E7A4F7556}") = "Ancillary.Interop", "Ancillary.Interop\Ancillary.Interop.csproj", "{E59F0B6A-1137-4179-A91D-33464A775DEB}"
EndProject
Project("{9A19103F-16F7-4668-BE54-9A1E7A4F7556}") = "NativeExports", "TestAssets\NativeExports\NativeExports.csproj", "{32FDA079-0E9F-4A36-ADA5-6593B67A54AC}"
EndProject
Project("{9A19103F-16F7-4668-BE54-9A1E7A4F7556}") = "DllImportGenerator.IntegrationTests", "DllImportGenerator.IntegrationTests\DllImportGenerator.IntegrationTests.csproj", "{162C204A-ED59-4EF3-A5FA-E58CC06FAB4D}"
EndProject
Project("{2150E333-8FDC-42A3-9474-1A3956D46DE8}") = "Tools", "Tools", "{69D56AC9-232B-4E76-B6C1-33A7B06B6855}"
EndProject
Project("{9A19103F-16F7-4668-BE54-9A1E7A4F7556}") = "PInvokeDump", "Tools\PInvokeDump\PInvokeDump.csproj", "{6FD4AF19-0CAA-413C-A2BD-C888AA2E8CFB}"
EndProject
Project("{9A19103F-16F7-4668-BE54-9A1E7A4F7556}") = "Benchmarking", "Tools\Benchmarking\Benchmarking.csproj", "{927F1081-FFE6-4897-9030-D9023F7EE604}"
EndProject
Project("{9A19103F-16F7-4668-BE54-9A1E7A4F7556}") = "SharedTypes", "TestAssets\SharedTypes\SharedTypes.csproj", "{D42D99E6-DA2B-48D5-BEED-F093A8E600BE}"
EndProject
Project("{2150E333-8FDC-42A3-9474-1A3956D46DE8}") = "TestAssets", "TestAssets", "{C7134A89-8852-4FBE-B426-EFE007C4A819}"
EndProject
Project("{9A19103F-16F7-4668-BE54-9A1E7A4F7556}") = "Benchmarks", "Benchmarks\Benchmarks.csproj", "{0914590B-C47A-4754-A7BE-E4CD843A92E4}"
EndProject
Project("{9A19103F-16F7-4668-BE54-9A1E7A4F7556}") = "DllImportGenerator.Vsix", "DllImportGenerator.Vsix\DllImportGenerator.Vsix.csproj", "{F9215CDD-7B47-4C17-9166-0BE5066CA6BB}"
EndProject
Global
	GlobalSection(SolutionConfigurationPlatforms) = preSolution
		Debug|Any CPU = Debug|Any CPU
		Release|Any CPU = Release|Any CPU
	EndGlobalSection
	GlobalSection(ProjectConfigurationPlatforms) = postSolution
		{0E14E01F-A582-4D22-8737-BF9DE5270435}.Debug|Any CPU.ActiveCfg = Debug|Any CPU
		{0E14E01F-A582-4D22-8737-BF9DE5270435}.Debug|Any CPU.Build.0 = Debug|Any CPU
		{0E14E01F-A582-4D22-8737-BF9DE5270435}.Release|Any CPU.ActiveCfg = Release|Any CPU
		{0E14E01F-A582-4D22-8737-BF9DE5270435}.Release|Any CPU.Build.0 = Release|Any CPU
		{B8CA13C4-F41B-4ABD-A9F3-63A02C53B96E}.Debug|Any CPU.ActiveCfg = Debug|Any CPU
		{B8CA13C4-F41B-4ABD-A9F3-63A02C53B96E}.Debug|Any CPU.Build.0 = Debug|Any CPU
		{B8CA13C4-F41B-4ABD-A9F3-63A02C53B96E}.Release|Any CPU.ActiveCfg = Release|Any CPU
		{B8CA13C4-F41B-4ABD-A9F3-63A02C53B96E}.Release|Any CPU.Build.0 = Release|Any CPU
		{E478EE77-E072-4A42-B453-EBFDA7728717}.Debug|Any CPU.ActiveCfg = Debug|Any CPU
		{E478EE77-E072-4A42-B453-EBFDA7728717}.Debug|Any CPU.Build.0 = Debug|Any CPU
		{E478EE77-E072-4A42-B453-EBFDA7728717}.Release|Any CPU.ActiveCfg = Release|Any CPU
		{E478EE77-E072-4A42-B453-EBFDA7728717}.Release|Any CPU.Build.0 = Release|Any CPU
		{E59F0B6A-1137-4179-A91D-33464A775DEB}.Debug|Any CPU.ActiveCfg = Debug|Any CPU
		{E59F0B6A-1137-4179-A91D-33464A775DEB}.Debug|Any CPU.Build.0 = Debug|Any CPU
		{E59F0B6A-1137-4179-A91D-33464A775DEB}.Release|Any CPU.ActiveCfg = Release|Any CPU
		{E59F0B6A-1137-4179-A91D-33464A775DEB}.Release|Any CPU.Build.0 = Release|Any CPU
		{32FDA079-0E9F-4A36-ADA5-6593B67A54AC}.Debug|Any CPU.ActiveCfg = Debug|Any CPU
		{32FDA079-0E9F-4A36-ADA5-6593B67A54AC}.Debug|Any CPU.Build.0 = Debug|Any CPU
		{32FDA079-0E9F-4A36-ADA5-6593B67A54AC}.Release|Any CPU.ActiveCfg = Release|Any CPU
		{32FDA079-0E9F-4A36-ADA5-6593B67A54AC}.Release|Any CPU.Build.0 = Release|Any CPU
		{162C204A-ED59-4EF3-A5FA-E58CC06FAB4D}.Debug|Any CPU.ActiveCfg = Debug|Any CPU
		{162C204A-ED59-4EF3-A5FA-E58CC06FAB4D}.Debug|Any CPU.Build.0 = Debug|Any CPU
		{162C204A-ED59-4EF3-A5FA-E58CC06FAB4D}.Release|Any CPU.ActiveCfg = Release|Any CPU
		{162C204A-ED59-4EF3-A5FA-E58CC06FAB4D}.Release|Any CPU.Build.0 = Release|Any CPU
		{6FD4AF19-0CAA-413C-A2BD-C888AA2E8CFB}.Debug|Any CPU.ActiveCfg = Debug|Any CPU
		{6FD4AF19-0CAA-413C-A2BD-C888AA2E8CFB}.Debug|Any CPU.Build.0 = Debug|Any CPU
		{6FD4AF19-0CAA-413C-A2BD-C888AA2E8CFB}.Release|Any CPU.ActiveCfg = Release|Any CPU
		{6FD4AF19-0CAA-413C-A2BD-C888AA2E8CFB}.Release|Any CPU.Build.0 = Release|Any CPU
		{927F1081-FFE6-4897-9030-D9023F7EE604}.Debug|Any CPU.ActiveCfg = Debug|Any CPU
		{927F1081-FFE6-4897-9030-D9023F7EE604}.Debug|Any CPU.Build.0 = Debug|Any CPU
		{927F1081-FFE6-4897-9030-D9023F7EE604}.Release|Any CPU.ActiveCfg = Release|Any CPU
		{927F1081-FFE6-4897-9030-D9023F7EE604}.Release|Any CPU.Build.0 = Release|Any CPU
		{D42D99E6-DA2B-48D5-BEED-F093A8E600BE}.Debug|Any CPU.ActiveCfg = Debug|Any CPU
		{D42D99E6-DA2B-48D5-BEED-F093A8E600BE}.Debug|Any CPU.Build.0 = Debug|Any CPU
		{D42D99E6-DA2B-48D5-BEED-F093A8E600BE}.Release|Any CPU.ActiveCfg = Release|Any CPU
		{D42D99E6-DA2B-48D5-BEED-F093A8E600BE}.Release|Any CPU.Build.0 = Release|Any CPU
		{0914590B-C47A-4754-A7BE-E4CD843A92E4}.Debug|Any CPU.ActiveCfg = Debug|Any CPU
		{0914590B-C47A-4754-A7BE-E4CD843A92E4}.Debug|Any CPU.Build.0 = Debug|Any CPU
		{0914590B-C47A-4754-A7BE-E4CD843A92E4}.Release|Any CPU.ActiveCfg = Release|Any CPU
		{0914590B-C47A-4754-A7BE-E4CD843A92E4}.Release|Any CPU.Build.0 = Release|Any CPU
		{F9215CDD-7B47-4C17-9166-0BE5066CA6BB}.Debug|Any CPU.ActiveCfg = Debug|Any CPU
		{F9215CDD-7B47-4C17-9166-0BE5066CA6BB}.Debug|Any CPU.Build.0 = Debug|Any CPU
		{F9215CDD-7B47-4C17-9166-0BE5066CA6BB}.Release|Any CPU.ActiveCfg = Release|Any CPU
		{F9215CDD-7B47-4C17-9166-0BE5066CA6BB}.Release|Any CPU.Build.0 = Release|Any CPU
	EndGlobalSection
	GlobalSection(SolutionProperties) = preSolution
		HideSolutionNode = FALSE
	EndGlobalSection
	GlobalSection(NestedProjects) = preSolution
		{32FDA079-0E9F-4A36-ADA5-6593B67A54AC} = {C7134A89-8852-4FBE-B426-EFE007C4A819}
		{6FD4AF19-0CAA-413C-A2BD-C888AA2E8CFB} = {69D56AC9-232B-4E76-B6C1-33A7B06B6855}
		{927F1081-FFE6-4897-9030-D9023F7EE604} = {69D56AC9-232B-4E76-B6C1-33A7B06B6855}
		{D42D99E6-DA2B-48D5-BEED-F093A8E600BE} = {C7134A89-8852-4FBE-B426-EFE007C4A819}
	EndGlobalSection
	GlobalSection(ExtensibilityGlobals) = postSolution
		SolutionGuid = {5344B739-3A02-402A-8777-0D54DEC4F3BA}
	EndGlobalSection
EndGlobal
