{
  "name": "sharedlibrarytest",
  "version": "1.0.0",
  "lockfileVersion": 2,
  "requires": true,
  "packages": {
    "": {
      "name": "sharedlibrarytest",
      "version": "1.0.0",
      "dependencies": {
        "@bytecodealliance/jco": "1.3.1"
      }
    },
    "node_modules/@bytecodealliance/jco": {
      "version": "1.3.1",
      "resolved": "https://pkgs.dev.azure.com/dnceng/public/_packaging/dotnet-public-npm/npm/registry/@bytecodealliance/jco/-/jco-1.3.1.tgz",
      "integrity": "sha1-k/ZHBglXNPz66y9DL7JIuXLuFeg=",
      "license": "(Apache-2.0 WITH LLVM-exception)",
      "workspaces": [
        "packages/preview2-shim"
      ],
      "dependencies": {
        "@bytecodealliance/preview2-shim": "^0.16.3",
        "binaryen": "^116.0.0",
        "chalk-template": "^1",
        "commander": "^12",
        "mkdirp": "^3",
        "ora": "^8",
        "terser": "^5"
      },
      "bin": {
        "jco": "src/jco.js"
      }
    },
    "node_modules/@bytecodealliance/preview2-shim": {
      "version": "0.16.4",
      "resolved": "https://pkgs.dev.azure.com/dnceng/public/_packaging/dotnet-public-npm/npm/registry/@bytecodealliance/preview2-shim/-/preview2-shim-0.16.4.tgz",
      "integrity": "sha1-Y3CfvaiO8u7hxJLiGP3+GWPOIaw=",
      "license": "(Apache-2.0 WITH LLVM-exception)"
    },
    "node_modules/@jridgewell/gen-mapping": {
      "version": "0.3.5",
      "resolved": "https://pkgs.dev.azure.com/dnceng/public/_packaging/dotnet-public-npm/npm/registry/@jridgewell/gen-mapping/-/gen-mapping-0.3.5.tgz",
      "integrity": "sha1-3M5q/3S99trRqVgCtpsEovyx+zY=",
      "license": "MIT",
      "dependencies": {
        "@jridgewell/set-array": "^1.2.1",
        "@jridgewell/sourcemap-codec": "^1.4.10",
        "@jridgewell/trace-mapping": "^0.3.24"
      },
      "engines": {
        "node": ">=6.0.0"
      }
    },
    "node_modules/@jridgewell/resolve-uri": {
      "version": "3.1.2",
      "resolved": "https://pkgs.dev.azure.com/dnceng/public/_packaging/dotnet-public-npm/npm/registry/@jridgewell/resolve-uri/-/resolve-uri-3.1.2.tgz",
      "integrity": "sha1-eg7mAfYPmaIMfHxf8MgDiMEYm9Y=",
      "license": "MIT",
      "engines": {
        "node": ">=6.0.0"
      }
    },
    "node_modules/@jridgewell/set-array": {
      "version": "1.2.1",
      "resolved": "https://pkgs.dev.azure.com/dnceng/public/_packaging/dotnet-public-npm/npm/registry/@jridgewell/set-array/-/set-array-1.2.1.tgz",
      "integrity": "sha1-VY+2Ry7RakyFC4iVMOazZDjEkoA=",
      "license": "MIT",
      "engines": {
        "node": ">=6.0.0"
      }
    },
    "node_modules/@jridgewell/source-map": {
      "version": "0.3.6",
      "resolved": "https://pkgs.dev.azure.com/dnceng/public/_packaging/dotnet-public-npm/npm/registry/@jridgewell/source-map/-/source-map-0.3.6.tgz",
      "integrity": "sha1-nXHKiG4yUC65NiyadKRnh8Nt+Bo=",
      "license": "MIT",
      "dependencies": {
        "@jridgewell/gen-mapping": "^0.3.5",
        "@jridgewell/trace-mapping": "^0.3.25"
      }
    },
    "node_modules/@jridgewell/sourcemap-codec": {
      "version": "1.4.15",
      "resolved": "https://pkgs.dev.azure.com/dnceng/public/_packaging/dotnet-public-npm/npm/registry/@jridgewell/sourcemap-codec/-/sourcemap-codec-1.4.15.tgz",
      "integrity": "sha1-18bmdVx4VnqVHgSrUu8P0m3lnzI=",
      "license": "MIT"
    },
    "node_modules/@jridgewell/trace-mapping": {
      "version": "0.3.25",
      "resolved": "https://pkgs.dev.azure.com/dnceng/public/_packaging/dotnet-public-npm/npm/registry/@jridgewell/trace-mapping/-/trace-mapping-0.3.25.tgz",
      "integrity": "sha1-FfGQ6YiV8/wjJ27hS8drZ1wuUPA=",
      "license": "MIT",
      "dependencies": {
        "@jridgewell/resolve-uri": "^3.1.0",
        "@jridgewell/sourcemap-codec": "^1.4.14"
      }
    },
    "node_modules/acorn": {
      "version": "8.12.1",
      "resolved": "https://pkgs.dev.azure.com/dnceng/public/_packaging/dotnet-public-npm/npm/registry/acorn/-/acorn-8.12.1.tgz",
      "integrity": "sha1-cWFr3MviXielRDngBG6JynbfIkg=",
      "license": "MIT",
      "bin": {
        "acorn": "bin/acorn"
      },
      "engines": {
        "node": ">=0.4.0"
      }
    },
    "node_modules/ansi-regex": {
      "version": "6.0.1",
      "resolved": "https://pkgs.dev.azure.com/dnceng/public/_packaging/dotnet-public-npm/npm/registry/ansi-regex/-/ansi-regex-6.0.1.tgz",
      "integrity": "sha1-MYPjj66aZdfLXlOUXNWJfQJgoGo=",
      "license": "MIT",
      "engines": {
        "node": ">=12"
      },
      "funding": {
        "url": "https://github.com/chalk/ansi-regex?sponsor=1"
      }
    },
    "node_modules/binaryen": {
      "version": "116.0.0",
      "resolved": "https://pkgs.dev.azure.com/dnceng/public/_packaging/dotnet-public-npm/npm/registry/binaryen/-/binaryen-116.0.0.tgz",
      "integrity": "sha1-rXn7k5JGE4+xKNlDjVV0FS7OOf4=",
      "license": "Apache-2.0",
      "bin": {
        "wasm-opt": "bin/wasm-opt",
        "wasm2js": "bin/wasm2js"
      }
    },
    "node_modules/buffer-from": {
      "version": "1.1.2",
      "resolved": "https://pkgs.dev.azure.com/dnceng/public/_packaging/dotnet-public-npm/npm/registry/buffer-from/-/buffer-from-1.1.2.tgz",
      "integrity": "sha1-KxRqb9cugLT1XSVfNe1Zo6mkG9U=",
      "license": "MIT"
    },
    "node_modules/chalk": {
      "version": "5.3.0",
      "resolved": "https://pkgs.dev.azure.com/dnceng/public/_packaging/dotnet-public-npm/npm/registry/chalk/-/chalk-5.3.0.tgz",
      "integrity": "sha1-Z8IKfr73Dn85cKAfkPohDLaGA4U=",
      "license": "MIT",
      "engines": {
        "node": "^12.17.0 || ^14.13 || >=16.0.0"
      },
      "funding": {
        "url": "https://github.com/chalk/chalk?sponsor=1"
      }
    },
    "node_modules/chalk-template": {
      "version": "1.1.0",
      "resolved": "https://pkgs.dev.azure.com/dnceng/public/_packaging/dotnet-public-npm/npm/registry/chalk-template/-/chalk-template-1.1.0.tgz",
      "integrity": "sha1-/8Vdtt10XpOUuFMnyKyEZu23p7E=",
      "license": "MIT",
      "dependencies": {
        "chalk": "^5.2.0"
      },
      "engines": {
        "node": ">=14.16"
      },
      "funding": {
        "url": "https://github.com/chalk/chalk-template?sponsor=1"
      }
    },
    "node_modules/cli-cursor": {
      "version": "4.0.0",
      "resolved": "https://pkgs.dev.azure.com/dnceng/public/_packaging/dotnet-public-npm/npm/registry/cli-cursor/-/cli-cursor-4.0.0.tgz",
      "integrity": "sha1-POz+NzS/T+Aqg2HL3A9v4oxqV+o=",
      "license": "MIT",
      "dependencies": {
        "restore-cursor": "^4.0.0"
      },
      "engines": {
        "node": "^12.20.0 || ^14.13.1 || >=16.0.0"
      },
      "funding": {
        "url": "https://github.com/sponsors/sindresorhus"
      }
    },
    "node_modules/cli-spinners": {
      "version": "2.9.2",
      "resolved": "https://pkgs.dev.azure.com/dnceng/public/_packaging/dotnet-public-npm/npm/registry/cli-spinners/-/cli-spinners-2.9.2.tgz",
      "integrity": "sha1-F3Oo9LnE1qwxVj31Oz/B15Ri/kE=",
      "license": "MIT",
      "engines": {
        "node": ">=6"
      },
      "funding": {
        "url": "https://github.com/sponsors/sindresorhus"
      }
    },
    "node_modules/commander": {
      "version": "12.1.0",
      "resolved": "https://pkgs.dev.azure.com/dnceng/public/_packaging/dotnet-public-npm/npm/registry/commander/-/commander-12.1.0.tgz",
      "integrity": "sha1-AUI7NvUBJZ/arE0OTWDJbJkVhdM=",
      "license": "MIT",
      "engines": {
        "node": ">=18"
      }
    },
    "node_modules/emoji-regex": {
      "version": "10.3.0",
      "resolved": "https://pkgs.dev.azure.com/dnceng/public/_packaging/dotnet-public-npm/npm/registry/emoji-regex/-/emoji-regex-10.3.0.tgz",
      "integrity": "sha1-dpmLkmhAnrPa496YklTUVucM/iM=",
      "license": "MIT"
    },
    "node_modules/get-east-asian-width": {
      "version": "1.2.0",
      "resolved": "https://pkgs.dev.azure.com/dnceng/public/_packaging/dotnet-public-npm/npm/registry/get-east-asian-width/-/get-east-asian-width-1.2.0.tgz",
      "integrity": "sha1-Xm69m67m+4t7a9UFIhBl8M2R9k4=",
      "license": "MIT",
      "engines": {
        "node": ">=18"
      },
      "funding": {
        "url": "https://github.com/sponsors/sindresorhus"
      }
    },
    "node_modules/is-interactive": {
      "version": "2.0.0",
      "resolved": "https://pkgs.dev.azure.com/dnceng/public/_packaging/dotnet-public-npm/npm/registry/is-interactive/-/is-interactive-2.0.0.tgz",
      "integrity": "sha1-QMV2FFk4JtoRAK3mBZd41ZfxbpA=",
      "license": "MIT",
      "engines": {
        "node": ">=12"
      },
      "funding": {
        "url": "https://github.com/sponsors/sindresorhus"
      }
    },
    "node_modules/is-unicode-supported": {
      "version": "2.0.0",
      "resolved": "https://pkgs.dev.azure.com/dnceng/public/_packaging/dotnet-public-npm/npm/registry/is-unicode-supported/-/is-unicode-supported-2.0.0.tgz",
      "integrity": "sha1-/fMt+a6Y/2qyztwVWlpuiVcBxFE=",
      "license": "MIT",
      "engines": {
        "node": ">=18"
      },
      "funding": {
        "url": "https://github.com/sponsors/sindresorhus"
      }
    },
    "node_modules/log-symbols": {
      "version": "6.0.0",
      "resolved": "https://pkgs.dev.azure.com/dnceng/public/_packaging/dotnet-public-npm/npm/registry/log-symbols/-/log-symbols-6.0.0.tgz",
      "integrity": "sha1-u5Xl8FMiZRysMMD+tkBPnyqKlDk=",
      "license": "MIT",
      "dependencies": {
        "chalk": "^5.3.0",
        "is-unicode-supported": "^1.3.0"
      },
      "engines": {
        "node": ">=18"
      },
      "funding": {
        "url": "https://github.com/sponsors/sindresorhus"
      }
    },
    "node_modules/log-symbols/node_modules/is-unicode-supported": {
      "version": "1.3.0",
      "resolved": "https://pkgs.dev.azure.com/dnceng/public/_packaging/dotnet-public-npm/npm/registry/is-unicode-supported/-/is-unicode-supported-1.3.0.tgz",
      "integrity": "sha1-2CSYS2FsKSouGYIH1KYJmDhC9xQ=",
      "license": "MIT",
      "engines": {
        "node": ">=12"
      },
      "funding": {
        "url": "https://github.com/sponsors/sindresorhus"
      }
    },
    "node_modules/mimic-fn": {
      "version": "2.1.0",
      "resolved": "https://pkgs.dev.azure.com/dnceng/public/_packaging/dotnet-public-npm/npm/registry/mimic-fn/-/mimic-fn-2.1.0.tgz",
      "integrity": "sha1-ftLCzMyvhNP/y3pptXcR/CCDQBs=",
      "license": "MIT",
      "engines": {
        "node": ">=6"
      }
    },
    "node_modules/mkdirp": {
      "version": "3.0.1",
      "resolved": "https://pkgs.dev.azure.com/dnceng/public/_packaging/dotnet-public-npm/npm/registry/mkdirp/-/mkdirp-3.0.1.tgz",
      "integrity": "sha1-5E5MVgf7J5wWgkFxPMbg/qmty1A=",
      "license": "MIT",
      "bin": {
        "mkdirp": "dist/cjs/src/bin.js"
      },
      "engines": {
        "node": ">=10"
      },
      "funding": {
        "url": "https://github.com/sponsors/isaacs"
      }
    },
    "node_modules/onetime": {
      "version": "5.1.2",
      "resolved": "https://pkgs.dev.azure.com/dnceng/public/_packaging/dotnet-public-npm/npm/registry/onetime/-/onetime-5.1.2.tgz",
      "integrity": "sha1-0Oluu1awdHbfHdnEgG5SN5hcpF4=",
      "license": "MIT",
      "dependencies": {
        "mimic-fn": "^2.1.0"
      },
      "engines": {
        "node": ">=6"
      },
      "funding": {
        "url": "https://github.com/sponsors/sindresorhus"
      }
    },
    "node_modules/ora": {
      "version": "8.0.1",
      "resolved": "https://pkgs.dev.azure.com/dnceng/public/_packaging/dotnet-public-npm/npm/registry/ora/-/ora-8.0.1.tgz",
      "integrity": "sha1-bcuSUKYpZCy+DS3zpjMa1veirz4=",
      "license": "MIT",
      "dependencies": {
        "chalk": "^5.3.0",
        "cli-cursor": "^4.0.0",
        "cli-spinners": "^2.9.2",
        "is-interactive": "^2.0.0",
        "is-unicode-supported": "^2.0.0",
        "log-symbols": "^6.0.0",
        "stdin-discarder": "^0.2.1",
        "string-width": "^7.0.0",
        "strip-ansi": "^7.1.0"
      },
      "engines": {
        "node": ">=18"
      },
      "funding": {
        "url": "https://github.com/sponsors/sindresorhus"
      }
    },
    "node_modules/restore-cursor": {
      "version": "4.0.0",
      "resolved": "https://pkgs.dev.azure.com/dnceng/public/_packaging/dotnet-public-npm/npm/registry/restore-cursor/-/restore-cursor-4.0.0.tgz",
      "integrity": "sha1-UZVgpDGJdQlt725gnUQQDtqkzLk=",
      "license": "MIT",
      "dependencies": {
        "onetime": "^5.1.0",
        "signal-exit": "^3.0.2"
      },
      "engines": {
        "node": "^12.20.0 || ^14.13.1 || >=16.0.0"
      },
      "funding": {
        "url": "https://github.com/sponsors/sindresorhus"
      }
    },
    "node_modules/signal-exit": {
      "version": "3.0.7",
      "resolved": "https://pkgs.dev.azure.com/dnceng/public/_packaging/dotnet-public-npm/npm/registry/signal-exit/-/signal-exit-3.0.7.tgz",
      "integrity": "sha1-qaF2f4r4QVURTqq9c/mSc8j1mtk=",
      "license": "ISC"
    },
    "node_modules/source-map": {
      "version": "0.6.1",
      "resolved": "https://pkgs.dev.azure.com/dnceng/public/_packaging/dotnet-public-npm/npm/registry/source-map/-/source-map-0.6.1.tgz",
      "integrity": "sha1-dHIq8y6WFOnCh6jQu95IteLxomM=",
      "license": "BSD-3-Clause",
      "engines": {
        "node": ">=0.10.0"
      }
    },
    "node_modules/source-map-support": {
      "version": "0.5.21",
      "resolved": "https://pkgs.dev.azure.com/dnceng/public/_packaging/dotnet-public-npm/npm/registry/source-map-support/-/source-map-support-0.5.21.tgz",
      "integrity": "sha1-BP58f54e0tZiIzwoyys1ufY/bk8=",
      "license": "MIT",
      "dependencies": {
        "buffer-from": "^1.0.0",
        "source-map": "^0.6.0"
      }
    },
    "node_modules/stdin-discarder": {
      "version": "0.2.2",
      "resolved": "https://pkgs.dev.azure.com/dnceng/public/_packaging/dotnet-public-npm/npm/registry/stdin-discarder/-/stdin-discarder-0.2.2.tgz",
      "integrity": "sha1-OQA39ExK4aGuU1xf443Dq6jZl74=",
      "license": "MIT",
      "engines": {
        "node": ">=18"
      },
      "funding": {
        "url": "https://github.com/sponsors/sindresorhus"
      }
    },
    "node_modules/string-width": {
      "version": "7.2.0",
      "resolved": "https://pkgs.dev.azure.com/dnceng/public/_packaging/dotnet-public-npm/npm/registry/string-width/-/string-width-7.2.0.tgz",
      "integrity": "sha1-tbuOIWXOJ11NQ0dt0nAK2Qkdttw=",
      "license": "MIT",
      "dependencies": {
        "emoji-regex": "^10.3.0",
        "get-east-asian-width": "^1.0.0",
        "strip-ansi": "^7.1.0"
      },
      "engines": {
        "node": ">=18"
      },
      "funding": {
        "url": "https://github.com/sponsors/sindresorhus"
      }
    },
    "node_modules/strip-ansi": {
      "version": "7.1.0",
      "resolved": "https://pkgs.dev.azure.com/dnceng/public/_packaging/dotnet-public-npm/npm/registry/strip-ansi/-/strip-ansi-7.1.0.tgz",
      "integrity": "sha1-1bZWjKaJ2FYTcLBwdoXSJDT6/0U=",
      "license": "MIT",
      "dependencies": {
        "ansi-regex": "^6.0.1"
      },
      "engines": {
        "node": ">=12"
      },
      "funding": {
        "url": "https://github.com/chalk/strip-ansi?sponsor=1"
      }
    },
    "node_modules/terser": {
      "version": "5.31.1",
      "resolved": "https://pkgs.dev.azure.com/dnceng/public/_packaging/dotnet-public-npm/npm/registry/terser/-/terser-5.31.1.tgz",
      "integrity": "sha1-c13jyYfdZx6VGQ5rmM/i8H888NQ=",
      "license": "BSD-2-Clause",
      "dependencies": {
        "@jridgewell/source-map": "^0.3.3",
        "acorn": "^8.8.2",
        "commander": "^2.20.0",
        "source-map-support": "~0.5.20"
      },
      "bin": {
        "terser": "bin/terser"
      },
      "engines": {
        "node": ">=10"
      }
    },
    "node_modules/terser/node_modules/commander": {
      "version": "2.20.3",
      "resolved": "https://pkgs.dev.azure.com/dnceng/public/_packaging/dotnet-public-npm/npm/registry/commander/-/commander-2.20.3.tgz",
      "integrity": "sha1-/UhehMA+tIgcIHIrpIA16FMa6zM=",
      "license": "MIT"
    }
  },
  "dependencies": {
    "@bytecodealliance/jco": {
      "version": "1.3.1",
      "resolved": "https://pkgs.dev.azure.com/dnceng/public/_packaging/dotnet-public-npm/npm/registry/@bytecodealliance/jco/-/jco-1.3.1.tgz",
      "integrity": "sha1-k/ZHBglXNPz66y9DL7JIuXLuFeg=",
      "requires": {
        "@bytecodealliance/preview2-shim": "^0.16.3",
        "binaryen": "^116.0.0",
        "chalk-template": "^1",
        "commander": "^12",
        "mkdirp": "^3",
        "ora": "^8",
        "terser": "^5"
      }
    },
    "@bytecodealliance/preview2-shim": {
      "version": "0.16.4",
      "resolved": "https://pkgs.dev.azure.com/dnceng/public/_packaging/dotnet-public-npm/npm/registry/@bytecodealliance/preview2-shim/-/preview2-shim-0.16.4.tgz",
      "integrity": "sha1-Y3CfvaiO8u7hxJLiGP3+GWPOIaw="
    },
    "@jridgewell/gen-mapping": {
      "version": "0.3.5",
      "resolved": "https://pkgs.dev.azure.com/dnceng/public/_packaging/dotnet-public-npm/npm/registry/@jridgewell/gen-mapping/-/gen-mapping-0.3.5.tgz",
      "integrity": "sha1-3M5q/3S99trRqVgCtpsEovyx+zY=",
      "requires": {
        "@jridgewell/set-array": "^1.2.1",
        "@jridgewell/sourcemap-codec": "^1.4.10",
        "@jridgewell/trace-mapping": "^0.3.24"
      }
    },
    "@jridgewell/resolve-uri": {
      "version": "3.1.2",
      "resolved": "https://pkgs.dev.azure.com/dnceng/public/_packaging/dotnet-public-npm/npm/registry/@jridgewell/resolve-uri/-/resolve-uri-3.1.2.tgz",
      "integrity": "sha1-eg7mAfYPmaIMfHxf8MgDiMEYm9Y="
    },
    "@jridgewell/set-array": {
      "version": "1.2.1",
      "resolved": "https://pkgs.dev.azure.com/dnceng/public/_packaging/dotnet-public-npm/npm/registry/@jridgewell/set-array/-/set-array-1.2.1.tgz",
      "integrity": "sha1-VY+2Ry7RakyFC4iVMOazZDjEkoA="
    },
    "@jridgewell/source-map": {
      "version": "0.3.6",
      "resolved": "https://pkgs.dev.azure.com/dnceng/public/_packaging/dotnet-public-npm/npm/registry/@jridgewell/source-map/-/source-map-0.3.6.tgz",
      "integrity": "sha1-nXHKiG4yUC65NiyadKRnh8Nt+Bo=",
      "requires": {
        "@jridgewell/gen-mapping": "^0.3.5",
        "@jridgewell/trace-mapping": "^0.3.25"
      }
    },
    "@jridgewell/sourcemap-codec": {
      "version": "1.4.15",
      "resolved": "https://pkgs.dev.azure.com/dnceng/public/_packaging/dotnet-public-npm/npm/registry/@jridgewell/sourcemap-codec/-/sourcemap-codec-1.4.15.tgz",
      "integrity": "sha1-18bmdVx4VnqVHgSrUu8P0m3lnzI="
    },
    "@jridgewell/trace-mapping": {
      "version": "0.3.25",
      "resolved": "https://pkgs.dev.azure.com/dnceng/public/_packaging/dotnet-public-npm/npm/registry/@jridgewell/trace-mapping/-/trace-mapping-0.3.25.tgz",
      "integrity": "sha1-FfGQ6YiV8/wjJ27hS8drZ1wuUPA=",
      "requires": {
        "@jridgewell/resolve-uri": "^3.1.0",
        "@jridgewell/sourcemap-codec": "^1.4.14"
      }
    },
    "acorn": {
      "version": "8.12.1",
      "resolved": "https://pkgs.dev.azure.com/dnceng/public/_packaging/dotnet-public-npm/npm/registry/acorn/-/acorn-8.12.1.tgz",
      "integrity": "sha1-cWFr3MviXielRDngBG6JynbfIkg="
    },
    "ansi-regex": {
      "version": "6.0.1",
      "resolved": "https://pkgs.dev.azure.com/dnceng/public/_packaging/dotnet-public-npm/npm/registry/ansi-regex/-/ansi-regex-6.0.1.tgz",
      "integrity": "sha1-MYPjj66aZdfLXlOUXNWJfQJgoGo="
    },
    "binaryen": {
      "version": "116.0.0",
      "resolved": "https://pkgs.dev.azure.com/dnceng/public/_packaging/dotnet-public-npm/npm/registry/binaryen/-/binaryen-116.0.0.tgz",
      "integrity": "sha1-rXn7k5JGE4+xKNlDjVV0FS7OOf4="
    },
    "buffer-from": {
      "version": "1.1.2",
      "resolved": "https://pkgs.dev.azure.com/dnceng/public/_packaging/dotnet-public-npm/npm/registry/buffer-from/-/buffer-from-1.1.2.tgz",
      "integrity": "sha1-KxRqb9cugLT1XSVfNe1Zo6mkG9U="
    },
    "chalk": {
      "version": "5.3.0",
      "resolved": "https://pkgs.dev.azure.com/dnceng/public/_packaging/dotnet-public-npm/npm/registry/chalk/-/chalk-5.3.0.tgz",
      "integrity": "sha1-Z8IKfr73Dn85cKAfkPohDLaGA4U="
    },
    "chalk-template": {
      "version": "1.1.0",
      "resolved": "https://pkgs.dev.azure.com/dnceng/public/_packaging/dotnet-public-npm/npm/registry/chalk-template/-/chalk-template-1.1.0.tgz",
      "integrity": "sha1-/8Vdtt10XpOUuFMnyKyEZu23p7E=",
      "requires": {
        "chalk": "^5.2.0"
      }
    },
    "cli-cursor": {
      "version": "4.0.0",
      "resolved": "https://pkgs.dev.azure.com/dnceng/public/_packaging/dotnet-public-npm/npm/registry/cli-cursor/-/cli-cursor-4.0.0.tgz",
      "integrity": "sha1-POz+NzS/T+Aqg2HL3A9v4oxqV+o=",
      "requires": {
        "restore-cursor": "^4.0.0"
      }
    },
    "cli-spinners": {
      "version": "2.9.2",
      "resolved": "https://pkgs.dev.azure.com/dnceng/public/_packaging/dotnet-public-npm/npm/registry/cli-spinners/-/cli-spinners-2.9.2.tgz",
      "integrity": "sha1-F3Oo9LnE1qwxVj31Oz/B15Ri/kE="
    },
    "commander": {
      "version": "12.1.0",
      "resolved": "https://pkgs.dev.azure.com/dnceng/public/_packaging/dotnet-public-npm/npm/registry/commander/-/commander-12.1.0.tgz",
      "integrity": "sha1-AUI7NvUBJZ/arE0OTWDJbJkVhdM="
    },
    "emoji-regex": {
      "version": "10.3.0",
      "resolved": "https://pkgs.dev.azure.com/dnceng/public/_packaging/dotnet-public-npm/npm/registry/emoji-regex/-/emoji-regex-10.3.0.tgz",
      "integrity": "sha1-dpmLkmhAnrPa496YklTUVucM/iM="
    },
    "get-east-asian-width": {
      "version": "1.2.0",
      "resolved": "https://pkgs.dev.azure.com/dnceng/public/_packaging/dotnet-public-npm/npm/registry/get-east-asian-width/-/get-east-asian-width-1.2.0.tgz",
      "integrity": "sha1-Xm69m67m+4t7a9UFIhBl8M2R9k4="
    },
    "is-interactive": {
      "version": "2.0.0",
      "resolved": "https://pkgs.dev.azure.com/dnceng/public/_packaging/dotnet-public-npm/npm/registry/is-interactive/-/is-interactive-2.0.0.tgz",
      "integrity": "sha1-QMV2FFk4JtoRAK3mBZd41ZfxbpA="
    },
    "is-unicode-supported": {
      "version": "2.0.0",
      "resolved": "https://pkgs.dev.azure.com/dnceng/public/_packaging/dotnet-public-npm/npm/registry/is-unicode-supported/-/is-unicode-supported-2.0.0.tgz",
      "integrity": "sha1-/fMt+a6Y/2qyztwVWlpuiVcBxFE="
    },
    "log-symbols": {
      "version": "6.0.0",
      "resolved": "https://pkgs.dev.azure.com/dnceng/public/_packaging/dotnet-public-npm/npm/registry/log-symbols/-/log-symbols-6.0.0.tgz",
      "integrity": "sha1-u5Xl8FMiZRysMMD+tkBPnyqKlDk=",
      "requires": {
        "chalk": "^5.3.0",
        "is-unicode-supported": "^1.3.0"
      },
      "dependencies": {
        "is-unicode-supported": {
          "version": "1.3.0",
          "resolved": "https://pkgs.dev.azure.com/dnceng/public/_packaging/dotnet-public-npm/npm/registry/is-unicode-supported/-/is-unicode-supported-1.3.0.tgz",
          "integrity": "sha1-2CSYS2FsKSouGYIH1KYJmDhC9xQ="
        }
      }
    },
    "mimic-fn": {
      "version": "2.1.0",
      "resolved": "https://pkgs.dev.azure.com/dnceng/public/_packaging/dotnet-public-npm/npm/registry/mimic-fn/-/mimic-fn-2.1.0.tgz",
      "integrity": "sha1-ftLCzMyvhNP/y3pptXcR/CCDQBs="
    },
    "mkdirp": {
      "version": "3.0.1",
      "resolved": "https://pkgs.dev.azure.com/dnceng/public/_packaging/dotnet-public-npm/npm/registry/mkdirp/-/mkdirp-3.0.1.tgz",
      "integrity": "sha1-5E5MVgf7J5wWgkFxPMbg/qmty1A="
    },
    "onetime": {
      "version": "5.1.2",
      "resolved": "https://pkgs.dev.azure.com/dnceng/public/_packaging/dotnet-public-npm/npm/registry/onetime/-/onetime-5.1.2.tgz",
      "integrity": "sha1-0Oluu1awdHbfHdnEgG5SN5hcpF4=",
      "requires": {
        "mimic-fn": "^2.1.0"
      }
    },
    "ora": {
      "version": "8.0.1",
      "resolved": "https://pkgs.dev.azure.com/dnceng/public/_packaging/dotnet-public-npm/npm/registry/ora/-/ora-8.0.1.tgz",
      "integrity": "sha1-bcuSUKYpZCy+DS3zpjMa1veirz4=",
      "requires": {
        "chalk": "^5.3.0",
        "cli-cursor": "^4.0.0",
        "cli-spinners": "^2.9.2",
        "is-interactive": "^2.0.0",
        "is-unicode-supported": "^2.0.0",
        "log-symbols": "^6.0.0",
        "stdin-discarder": "^0.2.1",
        "string-width": "^7.0.0",
        "strip-ansi": "^7.1.0"
      }
    },
    "restore-cursor": {
      "version": "4.0.0",
      "resolved": "https://pkgs.dev.azure.com/dnceng/public/_packaging/dotnet-public-npm/npm/registry/restore-cursor/-/restore-cursor-4.0.0.tgz",
      "integrity": "sha1-UZVgpDGJdQlt725gnUQQDtqkzLk=",
      "requires": {
        "onetime": "^5.1.0",
        "signal-exit": "^3.0.2"
      }
    },
    "signal-exit": {
      "version": "3.0.7",
      "resolved": "https://pkgs.dev.azure.com/dnceng/public/_packaging/dotnet-public-npm/npm/registry/signal-exit/-/signal-exit-3.0.7.tgz",
      "integrity": "sha1-qaF2f4r4QVURTqq9c/mSc8j1mtk="
    },
    "source-map": {
      "version": "0.6.1",
      "resolved": "https://pkgs.dev.azure.com/dnceng/public/_packaging/dotnet-public-npm/npm/registry/source-map/-/source-map-0.6.1.tgz",
      "integrity": "sha1-dHIq8y6WFOnCh6jQu95IteLxomM="
    },
    "source-map-support": {
      "version": "0.5.21",
      "resolved": "https://pkgs.dev.azure.com/dnceng/public/_packaging/dotnet-public-npm/npm/registry/source-map-support/-/source-map-support-0.5.21.tgz",
      "integrity": "sha1-BP58f54e0tZiIzwoyys1ufY/bk8=",
      "requires": {
        "buffer-from": "^1.0.0",
        "source-map": "^0.6.0"
      }
    },
    "stdin-discarder": {
      "version": "0.2.2",
      "resolved": "https://pkgs.dev.azure.com/dnceng/public/_packaging/dotnet-public-npm/npm/registry/stdin-discarder/-/stdin-discarder-0.2.2.tgz",
      "integrity": "sha1-OQA39ExK4aGuU1xf443Dq6jZl74="
    },
    "string-width": {
      "version": "7.2.0",
      "resolved": "https://pkgs.dev.azure.com/dnceng/public/_packaging/dotnet-public-npm/npm/registry/string-width/-/string-width-7.2.0.tgz",
      "integrity": "sha1-tbuOIWXOJ11NQ0dt0nAK2Qkdttw=",
      "requires": {
        "emoji-regex": "^10.3.0",
        "get-east-asian-width": "^1.0.0",
        "strip-ansi": "^7.1.0"
      }
    },
    "strip-ansi": {
      "version": "7.1.0",
      "resolved": "https://pkgs.dev.azure.com/dnceng/public/_packaging/dotnet-public-npm/npm/registry/strip-ansi/-/strip-ansi-7.1.0.tgz",
      "integrity": "sha1-1bZWjKaJ2FYTcLBwdoXSJDT6/0U=",
      "requires": {
        "ansi-regex": "^6.0.1"
      }
    },
    "terser": {
      "version": "5.31.1",
      "resolved": "https://pkgs.dev.azure.com/dnceng/public/_packaging/dotnet-public-npm/npm/registry/terser/-/terser-5.31.1.tgz",
      "integrity": "sha1-c13jyYfdZx6VGQ5rmM/i8H888NQ=",
      "requires": {
        "@jridgewell/source-map": "^0.3.3",
        "acorn": "^8.8.2",
        "commander": "^2.20.0",
        "source-map-support": "~0.5.20"
      },
      "dependencies": {
        "commander": {
          "version": "2.20.3",
          "resolved": "https://pkgs.dev.azure.com/dnceng/public/_packaging/dotnet-public-npm/npm/registry/commander/-/commander-2.20.3.tgz",
          "integrity": "sha1-/UhehMA+tIgcIHIrpIA16FMa6zM="
        }
      }
    }
  }
}
